<?xml version="1.0" encoding="utf-8"?>
<Project ToolsVersion="4.0" xmlns="http://schemas.microsoft.com/developer/msbuild/2003">
  <ItemGroup>
    <Filter Include="Source Files">
      <UniqueIdentifier>{4FC737F1-C7A5-4376-A066-2A32D752A2FF}</UniqueIdentifier>
      <Extensions>cpp;c;cc;cxx;def;odl;idl;hpj;bat;asm;asmx</Extensions>
    </Filter>
    <Filter Include="MKGraphics">
      <UniqueIdentifier>{442dedde-57ee-4554-809d-da1b13d8479c}</UniqueIdentifier>
    </Filter>
    <Filter Include="MKEngine">
      <UniqueIdentifier>{3b5034ea-703b-4aec-94d4-8c8408414d8a}</UniqueIdentifier>
    </Filter>
    <Filter Include="MKPatterns">
      <UniqueIdentifier>{7ad1fb0b-496a-42e1-90d9-945e3d07fdfe}</UniqueIdentifier>
    </Filter>
    <Filter Include="MKNoise">
      <UniqueIdentifier>{b7b0b9ce-2346-409c-b561-e4204f87d79f}</UniqueIdentifier>
    </Filter>
    <Filter Include="MKGame">
      <UniqueIdentifier>{19b626ad-55da-476c-be69-58e52f19ff4f}</UniqueIdentifier>
    </Filter>
  </ItemGroup>
  <ItemGroup>
    <ClCompile Include="main.cpp">
      <Filter>Source Files</Filter>
    </ClCompile>
    <ClCompile Include="Object.cpp">
      <Filter>MKGraphics</Filter>
    </ClCompile>
    <ClCompile Include="Program.cpp">
      <Filter>MKGraphics</Filter>
    </ClCompile>
    <ClCompile Include="Shader.cpp">
      <Filter>MKGraphics</Filter>
    </ClCompile>
    <ClCompile Include="Application.cpp">
      <Filter>MKEngine</Filter>
    </ClCompile>
    <ClCompile Include="Buffer.cpp">
      <Filter>MKGraphics</Filter>
    </ClCompile>
    <ClCompile Include="Factory.cpp">
      <Filter>MKPatterns</Filter>
    </ClCompile>
    <ClCompile Include="Prototype.cpp">
      <Filter>MKPatterns</Filter>
    </ClCompile>
    <ClCompile Include="VertexArray.cpp">
      <Filter>MKGraphics</Filter>
    </ClCompile>
    <ClCompile Include="Vertex.cpp">
      <Filter>MKEngine</Filter>
    </ClCompile>
    <ClCompile Include="Mesh.cpp">
      <Filter>MKEngine</Filter>
    </ClCompile>
    <ClCompile Include="Camera.cpp">
      <Filter>MKEngine</Filter>
    </ClCompile>
    <ClCompile Include="Chunk.cpp">
      <Filter>MKGame</Filter>
    </ClCompile>
    <ClCompile Include="Block.cpp">
      <Filter>MKGame</Filter>
    </ClCompile>
    <ClCompile Include="Noise1D.cpp">
      <Filter>MKNoise</Filter>
    </ClCompile>
    <ClCompile Include="Sinusoidal.cpp">
      <Filter>MKNoise</Filter>
    </ClCompile>
  </ItemGroup>
  <ItemGroup>
    <ClInclude Include="Program.h">
      <Filter>MKGraphics</Filter>
    </ClInclude>
    <ClInclude Include="Shader.h">
      <Filter>MKGraphics</Filter>
    </ClInclude>
    <ClInclude Include="Object.h">
      <Filter>MKGraphics</Filter>
    </ClInclude>
    <ClInclude Include="CommonGraphics.h">
      <Filter>MKGraphics</Filter>
    </ClInclude>
    <ClInclude Include="Application.h">
      <Filter>MKEngine</Filter>
    </ClInclude>
    <ClInclude Include="Buffer.h">
      <Filter>MKGraphics</Filter>
    </ClInclude>
    <ClInclude Include="Factory.h">
      <Filter>MKPatterns</Filter>
    </ClInclude>
    <ClInclude Include="Prototype.h">
      <Filter>MKPatterns</Filter>
    </ClInclude>
    <ClInclude Include="VertexArray.h">
      <Filter>MKGraphics</Filter>
    </ClInclude>
    <ClInclude Include="Vertex.h">
      <Filter>MKEngine</Filter>
    </ClInclude>
    <ClInclude Include="Mesh.h">
      <Filter>MKEngine</Filter>
    </ClInclude>
    <ClInclude Include="Camera.h">
      <Filter>MKEngine</Filter>
    </ClInclude>
    <ClInclude Include="Chunk.h">
      <Filter>MKGame</Filter>
    </ClInclude>
    <ClInclude Include="Block.h">
      <Filter>MKGame</Filter>
    </ClInclude>
    <ClInclude Include="Noise1D.h">
      <Filter>MKNoise</Filter>
    </ClInclude>
    <ClInclude Include="Sinusoidal.h">
      <Filter>MKNoise</Filter>
    </ClInclude>
  </ItemGroup>
</Project>